
Microsoft Visual Studio Solution File, Format Version 12.00
# Visual Studio Version 16
VisualStudioVersion = 16.0.30204.135
MinimumVisualStudioVersion = 10.0.40219.1
Project("{FAE04EC0-301F-11D3-BF4B-00C04F79EFBC}") = "ConsoleApp1", "ConsoleApp1\ConsoleApp1.csproj", "{1CE54D36-FF56-42C6-98FE-04041DBB0480}"
EndProject
Project("{FAE04EC0-301F-11D3-BF4B-00C04F79EFBC}") = "App1.Logica", "App1.Logica\App1.Logica.csproj", "{50A1042A-B1C1-4CA5-ADA5-056AF2CC9B43}"
EndProject
Global
	GlobalSection(SolutionConfigurationPlatforms) = preSolution
		Debug|Any CPU = Debug|Any CPU
		Release|Any CPU = Release|Any CPU
	EndGlobalSection
	GlobalSection(ProjectConfigurationPlatforms) = postSolution
		{1CE54D36-FF56-42C6-98FE-04041DBB0480}.Debug|Any CPU.ActiveCfg = Debug|Any CPU
		{1CE54D36-FF56-42C6-98FE-04041DBB0480}.Debug|Any CPU.Build.0 = Debug|Any CPU
		{1CE54D36-FF56-42C6-98FE-04041DBB0480}.Release|Any CPU.ActiveCfg = Release|Any CPU
		{1CE54D36-FF56-42C6-98FE-04041DBB0480}.Release|Any CPU.Build.0 = Release|Any CPU
		{50A1042A-B1C1-4CA5-ADA5-056AF2CC9B43}.Debug|Any CPU.ActiveCfg = Debug|Any CPU
		{50A1042A-B1C1-4CA5-ADA5-056AF2CC9B43}.Debug|Any CPU.Build.0 = Debug|Any CPU
		{50A1042A-B1C1-4CA5-ADA5-056AF2CC9B43}.Release|Any CPU.ActiveCfg = Release|Any CPU
		{50A1042A-B1C1-4CA5-ADA5-056AF2CC9B43}.Release|Any CPU.Build.0 = Release|Any CPU
	EndGlobalSection
	GlobalSection(SolutionProperties) = preSolution
		HideSolutionNode = FALSE
	EndGlobalSection
	GlobalSection(ExtensibilityGlobals) = postSolution
		SolutionGuid = {54B78C78-6B5E-490C-9A8E-5E2809E1D4FB}
	EndGlobalSection
EndGlobal
